// !$*UTF8*$!
{
	archiveVersion = 1;
	classes = {
	};
	objectVersion = 46;
	objects = {

/* Begin PBXBuildFile section */
		A40F5D061F348B64001D117B /* InternetConnectivity.swift in Sources */ = {isa = PBXBuildFile; fileRef = A40F5D051F348B64001D117B /* InternetConnectivity.swift */; };
		A40F5F881E9CB39E005621B9 /* Photos.swift in Sources */ = {isa = PBXBuildFile; fileRef = A40F5F861E9CB39E005621B9 /* Photos.swift */; };
		A40F5F891E9CB39E005621B9 /* Photos+CoreDataProperties.swift in Sources */ = {isa = PBXBuildFile; fileRef = A40F5F871E9CB39E005621B9 /* Photos+CoreDataProperties.swift */; };
		A41058171EB25C79006575E6 /* MyPhotoCollectionViewController.swift in Sources */ = {isa = PBXBuildFile; fileRef = A41058161EB25C79006575E6 /* MyPhotoCollectionViewController.swift */; };
		A41058191EB25DA7006575E6 /* PhotoViewController.swift in Sources */ = {isa = PBXBuildFile; fileRef = A41058181EB25DA7006575E6 /* PhotoViewController.swift */; };
		A413B3201EB61C800071A7BF /* UserPhotos.swift in Sources */ = {isa = PBXBuildFile; fileRef = A413B31E1EB61C800071A7BF /* UserPhotos.swift */; };
		A413B3211EB61C800071A7BF /* UserPhotos+CoreDataProperties.swift in Sources */ = {isa = PBXBuildFile; fileRef = A413B31F1EB61C800071A7BF /* UserPhotos+CoreDataProperties.swift */; };
		A41DC2031E8DC06500A9523C /* CollectionViewCell.swift in Sources */ = {isa = PBXBuildFile; fileRef = A41DC2021E8DC06500A9523C /* CollectionViewCell.swift */; };
		A41E19651E9A15B000C23119 /* FlickrClient.swift in Sources */ = {isa = PBXBuildFile; fileRef = A41E19641E9A15B000C23119 /* FlickrClient.swift */; };
		A4365D9D1ECA8D0F0045ECFF /* Assets.xcassets in Sources */ = {isa = PBXBuildFile; fileRef = A498916B1E7E6048003270C3 /* Assets.xcassets */; };
		A4365DA01ECA8D370045ECFF /* Main.storyboard in Resources */ = {isa = PBXBuildFile; fileRef = A4365D9E1ECA8D370045ECFF /* Main.storyboard */; };
		A43792901F308A7E00324729 /* UserRegion.swift in Sources */ = {isa = PBXBuildFile; fileRef = A437928E1F308A7E00324729 /* UserRegion.swift */; };
		A43792911F308A7E00324729 /* UserRegion+CoreDataProperties.swift in Sources */ = {isa = PBXBuildFile; fileRef = A437928F1F308A7E00324729 /* UserRegion+CoreDataProperties.swift */; };
		A43F48211F3AF9A800010484 /* MyPhoto.swift in Sources */ = {isa = PBXBuildFile; fileRef = A43F48201F3AF9A800010484 /* MyPhoto.swift */; };
		A4524D611E89DA650020F592 /* LocationImagesViewController.swift in Sources */ = {isa = PBXBuildFile; fileRef = A4524D601E89DA650020F592 /* LocationImagesViewController.swift */; };
		A49891651E7E6048003270C3 /* AppDelegate.swift in Sources */ = {isa = PBXBuildFile; fileRef = A49891641E7E6048003270C3 /* AppDelegate.swift */; };
		A49891671E7E6048003270C3 /* MapViewController.swift in Sources */ = {isa = PBXBuildFile; fileRef = A49891661E7E6048003270C3 /* MapViewController.swift */; };
		A498916C1E7E6048003270C3 /* Assets.xcassets in Resources */ = {isa = PBXBuildFile; fileRef = A498916B1E7E6048003270C3 /* Assets.xcassets */; };
		A498916F1E7E6048003270C3 /* LaunchScreen.storyboard in Resources */ = {isa = PBXBuildFile; fileRef = A498916D1E7E6048003270C3 /* LaunchScreen.storyboard */; };
		A498917A1E7E6048003270C3 /* FoodETests.swift in Sources */ = {isa = PBXBuildFile; fileRef = A49891791E7E6048003270C3 /* FoodETests.swift */; };
		A4B3494D1E8C693B0003F1CE /* CoreDataStack.swift in Sources */ = {isa = PBXBuildFile; fileRef = A4B3494C1E8C693B0003F1CE /* CoreDataStack.swift */; };
		A4C0250D1E8DD742009AF88C /* LocationFood.swift in Sources */ = {isa = PBXBuildFile; fileRef = A4B349511E8C6D960003F1CE /* LocationFood.swift */; };
		A4C025111E8DD78E009AF88C /* LocationFood+CoreDataProperties.swift in Sources */ = {isa = PBXBuildFile; fileRef = A4C0250F1E8DD78E009AF88C /* LocationFood+CoreDataProperties.swift */; };
		A4C025131E8DD89D009AF88C /* Model.xcdatamodeld in Sources */ = {isa = PBXBuildFile; fileRef = A4C025061E8DD164009AF88C /* Model.xcdatamodeld */; };
		A4DAC2A81EBA3CA900AD7DED /* MyPhotoCollectionViewCell.swift in Sources */ = {isa = PBXBuildFile; fileRef = A4DAC2A71EBA3CA900AD7DED /* MyPhotoCollectionViewCell.swift */; };
		A4EFFF801E9B051B00DE94E3 /* FlickrConstant.swift in Sources */ = {isa = PBXBuildFile; fileRef = A4EFFF7F1E9B051B00DE94E3 /* FlickrConstant.swift */; };
		A4EFFF821E9B266300DE94E3 /* FlickrSearch.swift in Sources */ = {isa = PBXBuildFile; fileRef = A4EFFF811E9B266300DE94E3 /* FlickrSearch.swift */; };
		E6F1E810257E36A0A5DE752A /* libPods-FoodE.a in Frameworks */ = {isa = PBXBuildFile; fileRef = D17C0057730AFD653A188AB5 /* libPods-FoodE.a */; };
/* End PBXBuildFile section */

/* Begin PBXContainerItemProxy section */
		A49891761E7E6048003270C3 /* PBXContainerItemProxy */ = {
			isa = PBXContainerItemProxy;
			containerPortal = A49891591E7E6048003270C3 /* Project object */;
			proxyType = 1;
			remoteGlobalIDString = A49891601E7E6048003270C3;
			remoteInfo = FoodE;
		};
/* End PBXContainerItemProxy section */

/* Begin PBXFileReference section */
		57F5E48405BBB0C2ACE0CEBC /* Pods-FoodE.release.xcconfig */ = {isa = PBXFileReference; includeInIndex = 1; lastKnownFileType = text.xcconfig; name = "Pods-FoodE.release.xcconfig"; path = "Pods/Target Support Files/Pods-FoodE/Pods-FoodE.release.xcconfig"; sourceTree = "<group>"; };
		625B472AEF3F11B54C0AE30D /* Pods-FoodE.debug.xcconfig */ = {isa = PBXFileReference; includeInIndex = 1; lastKnownFileType = text.xcconfig; name = "Pods-FoodE.debug.xcconfig"; path = "Pods/Target Support Files/Pods-FoodE/Pods-FoodE.debug.xcconfig"; sourceTree = "<group>"; };
		A40F5D051F348B64001D117B /* InternetConnectivity.swift */ = {isa = PBXFileReference; fileEncoding = 4; lastKnownFileType = sourcecode.swift; path = InternetConnectivity.swift; sourceTree = "<group>"; };
		A40F5F861E9CB39E005621B9 /* Photos.swift */ = {isa = PBXFileReference; fileEncoding = 4; lastKnownFileType = sourcecode.swift; path = Photos.swift; sourceTree = "<group>"; };
		A40F5F871E9CB39E005621B9 /* Photos+CoreDataProperties.swift */ = {isa = PBXFileReference; fileEncoding = 4; lastKnownFileType = sourcecode.swift; path = "Photos+CoreDataProperties.swift"; sourceTree = "<group>"; };
		A41058161EB25C79006575E6 /* MyPhotoCollectionViewController.swift */ = {isa = PBXFileReference; fileEncoding = 4; lastKnownFileType = sourcecode.swift; path = MyPhotoCollectionViewController.swift; sourceTree = "<group>"; };
		A41058181EB25DA7006575E6 /* PhotoViewController.swift */ = {isa = PBXFileReference; fileEncoding = 4; lastKnownFileType = sourcecode.swift; path = PhotoViewController.swift; sourceTree = "<group>"; };
		A413B31E1EB61C800071A7BF /* UserPhotos.swift */ = {isa = PBXFileReference; fileEncoding = 4; lastKnownFileType = sourcecode.swift; path = UserPhotos.swift; sourceTree = "<group>"; };
		A413B31F1EB61C800071A7BF /* UserPhotos+CoreDataProperties.swift */ = {isa = PBXFileReference; fileEncoding = 4; lastKnownFileType = sourcecode.swift; path = "UserPhotos+CoreDataProperties.swift"; sourceTree = "<group>"; };
		A41DC2021E8DC06500A9523C /* CollectionViewCell.swift */ = {isa = PBXFileReference; fileEncoding = 4; lastKnownFileType = sourcecode.swift; path = CollectionViewCell.swift; sourceTree = "<group>"; };
		A41E19641E9A15B000C23119 /* FlickrClient.swift */ = {isa = PBXFileReference; fileEncoding = 4; lastKnownFileType = sourcecode.swift; path = FlickrClient.swift; sourceTree = "<group>"; };
		A4365D9F1ECA8D370045ECFF /* Base */ = {isa = PBXFileReference; lastKnownFileType = file.storyboard; name = Base; path = Base.lproj/Main.storyboard; sourceTree = "<group>"; };
		A437928E1F308A7E00324729 /* UserRegion.swift */ = {isa = PBXFileReference; lastKnownFileType = sourcecode.swift; path = UserRegion.swift; sourceTree = "<group>"; };
		A437928F1F308A7E00324729 /* UserRegion+CoreDataProperties.swift */ = {isa = PBXFileReference; lastKnownFileType = sourcecode.swift; path = "UserRegion+CoreDataProperties.swift"; sourceTree = "<group>"; };
		A43F48201F3AF9A800010484 /* MyPhoto.swift */ = {isa = PBXFileReference; fileEncoding = 4; lastKnownFileType = sourcecode.swift; path = MyPhoto.swift; sourceTree = "<group>"; };
		A4524D601E89DA650020F592 /* LocationImagesViewController.swift */ = {isa = PBXFileReference; fileEncoding = 4; lastKnownFileType = sourcecode.swift; path = LocationImagesViewController.swift; sourceTree = "<group>"; };
		A49891611E7E6048003270C3 /* FoodE.app */ = {isa = PBXFileReference; explicitFileType = wrapper.application; includeInIndex = 0; path = FoodE.app; sourceTree = BUILT_PRODUCTS_DIR; };
		A49891641E7E6048003270C3 /* AppDelegate.swift */ = {isa = PBXFileReference; lastKnownFileType = sourcecode.swift; path = AppDelegate.swift; sourceTree = "<group>"; };
		A49891661E7E6048003270C3 /* MapViewController.swift */ = {isa = PBXFileReference; lastKnownFileType = sourcecode.swift; path = MapViewController.swift; sourceTree = "<group>"; };
		A498916B1E7E6048003270C3 /* Assets.xcassets */ = {isa = PBXFileReference; lastKnownFileType = folder.assetcatalog; path = Assets.xcassets; sourceTree = "<group>"; };
		A498916E1E7E6048003270C3 /* Base */ = {isa = PBXFileReference; lastKnownFileType = file.storyboard; name = Base; path = Base.lproj/LaunchScreen.storyboard; sourceTree = "<group>"; };
		A49891701E7E6048003270C3 /* Info.plist */ = {isa = PBXFileReference; lastKnownFileType = text.plist.xml; path = Info.plist; sourceTree = "<group>"; };
		A49891751E7E6048003270C3 /* FoodETests.xctest */ = {isa = PBXFileReference; explicitFileType = wrapper.cfbundle; includeInIndex = 0; path = FoodETests.xctest; sourceTree = BUILT_PRODUCTS_DIR; };
		A49891791E7E6048003270C3 /* FoodETests.swift */ = {isa = PBXFileReference; lastKnownFileType = sourcecode.swift; path = FoodETests.swift; sourceTree = "<group>"; };
		A498917B1E7E6048003270C3 /* Info.plist */ = {isa = PBXFileReference; lastKnownFileType = text.plist.xml; path = Info.plist; sourceTree = "<group>"; };
		A4B3494C1E8C693B0003F1CE /* CoreDataStack.swift */ = {isa = PBXFileReference; fileEncoding = 4; lastKnownFileType = sourcecode.swift; path = CoreDataStack.swift; sourceTree = "<group>"; };
		A4B349511E8C6D960003F1CE /* LocationFood.swift */ = {isa = PBXFileReference; fileEncoding = 4; lastKnownFileType = sourcecode.swift; path = LocationFood.swift; sourceTree = "<group>"; };
		A4C025071E8DD164009AF88C /* Model.xcdatamodel */ = {isa = PBXFileReference; lastKnownFileType = wrapper.xcdatamodel; path = Model.xcdatamodel; sourceTree = "<group>"; };
		A4C0250F1E8DD78E009AF88C /* LocationFood+CoreDataProperties.swift */ = {isa = PBXFileReference; fileEncoding = 4; lastKnownFileType = sourcecode.swift; name = "LocationFood+CoreDataProperties.swift"; path = "FoodE/LocationFood+CoreDataProperties.swift"; sourceTree = "<group>"; };
		A4DAC2A71EBA3CA900AD7DED /* MyPhotoCollectionViewCell.swift */ = {isa = PBXFileReference; fileEncoding = 4; lastKnownFileType = sourcecode.swift; path = MyPhotoCollectionViewCell.swift; sourceTree = "<group>"; };
		A4EFFF7F1E9B051B00DE94E3 /* FlickrConstant.swift */ = {isa = PBXFileReference; fileEncoding = 4; lastKnownFileType = sourcecode.swift; path = FlickrConstant.swift; sourceTree = "<group>"; };
		A4EFFF811E9B266300DE94E3 /* FlickrSearch.swift */ = {isa = PBXFileReference; fileEncoding = 4; lastKnownFileType = sourcecode.swift; path = FlickrSearch.swift; sourceTree = "<group>"; };
		D17C0057730AFD653A188AB5 /* libPods-FoodE.a */ = {isa = PBXFileReference; explicitFileType = archive.ar; includeInIndex = 0; path = "libPods-FoodE.a"; sourceTree = BUILT_PRODUCTS_DIR; };
/* End PBXFileReference section */

/* Begin PBXFrameworksBuildPhase section */
		A498915E1E7E6048003270C3 /* Frameworks */ = {
			isa = PBXFrameworksBuildPhase;
			buildActionMask = 2147483647;
			files = (
				E6F1E810257E36A0A5DE752A /* libPods-FoodE.a in Frameworks */,
			);
			runOnlyForDeploymentPostprocessing = 0;
		};
		A49891721E7E6048003270C3 /* Frameworks */ = {
			isa = PBXFrameworksBuildPhase;
			buildActionMask = 2147483647;
			files = (
			);
			runOnlyForDeploymentPostprocessing = 0;
		};
/* End PBXFrameworksBuildPhase section */

/* Begin PBXGroup section */
		06FD3B685C396E5847375035 /* Pods */ = {
			isa = PBXGroup;
			children = (
				625B472AEF3F11B54C0AE30D /* Pods-FoodE.debug.xcconfig */,
				57F5E48405BBB0C2ACE0CEBC /* Pods-FoodE.release.xcconfig */,
			);
			name = Pods;
			sourceTree = "<group>";
		};
		A49891581E7E6048003270C3 = {
			isa = PBXGroup;
			children = (
				A437928E1F308A7E00324729 /* UserRegion.swift */,
				A437928F1F308A7E00324729 /* UserRegion+CoreDataProperties.swift */,
				A40F5F871E9CB39E005621B9 /* Photos+CoreDataProperties.swift */,
				A413B31E1EB61C800071A7BF /* UserPhotos.swift */,
				A413B31F1EB61C800071A7BF /* UserPhotos+CoreDataProperties.swift */,
				A40F5F861E9CB39E005621B9 /* Photos.swift */,
				A4C025061E8DD164009AF88C /* Model.xcdatamodeld */,
				A4C0250F1E8DD78E009AF88C /* LocationFood+CoreDataProperties.swift */,
				A4B349511E8C6D960003F1CE /* LocationFood.swift */,
				A49891631E7E6048003270C3 /* FoodE */,
				A49891781E7E6048003270C3 /* FoodETests */,
				A49891621E7E6048003270C3 /* Products */,
				06FD3B685C396E5847375035 /* Pods */,
				AA14DF4C7556D1605B0C4279 /* Frameworks */,
			);
			sourceTree = "<group>";
		};
		A49891621E7E6048003270C3 /* Products */ = {
			isa = PBXGroup;
			children = (
				A49891611E7E6048003270C3 /* FoodE.app */,
				A49891751E7E6048003270C3 /* FoodETests.xctest */,
			);
			name = Products;
			sourceTree = "<group>";
		};
		A49891631E7E6048003270C3 /* FoodE */ = {
			isa = PBXGroup;
			children = (
				A49891641E7E6048003270C3 /* AppDelegate.swift */,
				A40F5D051F348B64001D117B /* InternetConnectivity.swift */,
				A4B3494C1E8C693B0003F1CE /* CoreDataStack.swift */,
				A49891661E7E6048003270C3 /* MapViewController.swift */,
				A4524D601E89DA650020F592 /* LocationImagesViewController.swift */,
				A41DC2021E8DC06500A9523C /* CollectionViewCell.swift */,
				A4EFFF7F1E9B051B00DE94E3 /* FlickrConstant.swift */,
				A41E19641E9A15B000C23119 /* FlickrClient.swift */,
				A4EFFF811E9B266300DE94E3 /* FlickrSearch.swift */,
				A4365D9E1ECA8D370045ECFF /* Main.storyboard */,
				A41058181EB25DA7006575E6 /* PhotoViewController.swift */,
				A41058161EB25C79006575E6 /* MyPhotoCollectionViewController.swift */,
				A4DAC2A71EBA3CA900AD7DED /* MyPhotoCollectionViewCell.swift */,
				A43F48201F3AF9A800010484 /* MyPhoto.swift */,
				A498916B1E7E6048003270C3 /* Assets.xcassets */,
				A498916D1E7E6048003270C3 /* LaunchScreen.storyboard */,
				A49891701E7E6048003270C3 /* Info.plist */,
			);
			path = FoodE;
			sourceTree = "<group>";
		};
		A49891781E7E6048003270C3 /* FoodETests */ = {
			isa = PBXGroup;
			children = (
				A49891791E7E6048003270C3 /* FoodETests.swift */,
				A498917B1E7E6048003270C3 /* Info.plist */,
			);
			path = FoodETests;
			sourceTree = "<group>";
		};
		AA14DF4C7556D1605B0C4279 /* Frameworks */ = {
			isa = PBXGroup;
			children = (
				D17C0057730AFD653A188AB5 /* libPods-FoodE.a */,
			);
			name = Frameworks;
			sourceTree = "<group>";
		};
/* End PBXGroup section */

/* Begin PBXNativeTarget section */
		A49891601E7E6048003270C3 /* FoodE */ = {
			isa = PBXNativeTarget;
			buildConfigurationList = A498917E1E7E6048003270C3 /* Build configuration list for PBXNativeTarget "FoodE" */;
			buildPhases = (
				12824D145526DFD2EC0191D4 /* [CP] Check Pods Manifest.lock */,
				A498915D1E7E6048003270C3 /* Sources */,
				A498915E1E7E6048003270C3 /* Frameworks */,
				A498915F1E7E6048003270C3 /* Resources */,
				5708FA0E57E70115B7AF7827 /* [CP] Embed Pods Frameworks */,
				BE739CB3F78691A0396EB23A /* [CP] Copy Pods Resources */,
			);
			buildRules = (
			);
			dependencies = (
			);
			name = FoodE;
			productName = FoodE;
			productReference = A49891611E7E6048003270C3 /* FoodE.app */;
			productType = "com.apple.product-type.application";
		};
		A49891741E7E6048003270C3 /* FoodETests */ = {
			isa = PBXNativeTarget;
			buildConfigurationList = A49891811E7E6048003270C3 /* Build configuration list for PBXNativeTarget "FoodETests" */;
			buildPhases = (
				A49891711E7E6048003270C3 /* Sources */,
				A49891721E7E6048003270C3 /* Frameworks */,
				A49891731E7E6048003270C3 /* Resources */,
			);
			buildRules = (
			);
			dependencies = (
				A49891771E7E6048003270C3 /* PBXTargetDependency */,
			);
			name = FoodETests;
			productName = FoodETests;
			productReference = A49891751E7E6048003270C3 /* FoodETests.xctest */;
			productType = "com.apple.product-type.bundle.unit-test";
		};
/* End PBXNativeTarget section */

/* Begin PBXProject section */
		A49891591E7E6048003270C3 /* Project object */ = {
			isa = PBXProject;
			attributes = {
				LastSwiftUpdateCheck = 0820;
				LastUpgradeCheck = 0820;
				ORGANIZATIONNAME = "Rola Kitaphanich";
				TargetAttributes = {
					A49891601E7E6048003270C3 = {
						CreatedOnToolsVersion = 8.2.1;
						DevelopmentTeam = 6CHMHRZB23;
						ProvisioningStyle = Automatic;
					};
					A49891741E7E6048003270C3 = {
						CreatedOnToolsVersion = 8.2.1;
						ProvisioningStyle = Automatic;
						TestTargetID = A49891601E7E6048003270C3;
					};
				};
			};
			buildConfigurationList = A498915C1E7E6048003270C3 /* Build configuration list for PBXProject "FoodE" */;
			compatibilityVersion = "Xcode 3.2";
			developmentRegion = English;
			hasScannedForEncodings = 0;
			knownRegions = (
				en,
				Base,
			);
			mainGroup = A49891581E7E6048003270C3;
			productRefGroup = A49891621E7E6048003270C3 /* Products */;
			projectDirPath = "";
			projectRoot = "";
			targets = (
				A49891601E7E6048003270C3 /* FoodE */,
				A49891741E7E6048003270C3 /* FoodETests */,
			);
		};
/* End PBXProject section */

/* Begin PBXResourcesBuildPhase section */
		A498915F1E7E6048003270C3 /* Resources */ = {
			isa = PBXResourcesBuildPhase;
			buildActionMask = 2147483647;
			files = (
				A498916F1E7E6048003270C3 /* LaunchScreen.storyboard in Resources */,
				A498916C1E7E6048003270C3 /* Assets.xcassets in Resources */,
				A4365DA01ECA8D370045ECFF /* Main.storyboard in Resources */,
			);
			runOnlyForDeploymentPostprocessing = 0;
		};
		A49891731E7E6048003270C3 /* Resources */ = {
			isa = PBXResourcesBuildPhase;
			buildActionMask = 2147483647;
			files = (
			);
			runOnlyForDeploymentPostprocessing = 0;
		};
/* End PBXResourcesBuildPhase section */

/* Begin PBXShellScriptBuildPhase section */
		12824D145526DFD2EC0191D4 /* [CP] Check Pods Manifest.lock */ = {
			isa = PBXShellScriptBuildPhase;
			buildActionMask = 2147483647;
			files = (
			);
			inputPaths = (
			);
			name = "[CP] Check Pods Manifest.lock";
			outputPaths = (
			);
			runOnlyForDeploymentPostprocessing = 0;
			shellPath = /bin/sh;
			shellScript = "diff \"${PODS_PODFILE_DIR_PATH}/Podfile.lock\" \"${PODS_ROOT}/Manifest.lock\" > /dev/null\nif [ $? != 0 ] ; then\n    # print error to STDERR\n    echo \"error: The sandbox is not in sync with the Podfile.lock. Run 'pod install' or update your CocoaPods installation.\" >&2\n    exit 1\nfi\n";
			showEnvVarsInLog = 0;
		};
		5708FA0E57E70115B7AF7827 /* [CP] Embed Pods Frameworks */ = {
			isa = PBXShellScriptBuildPhase;
			buildActionMask = 2147483647;
			files = (
			);
			inputPaths = (
			);
			name = "[CP] Embed Pods Frameworks";
			outputPaths = (
			);
			runOnlyForDeploymentPostprocessing = 0;
			shellPath = /bin/sh;
			shellScript = "\"${SRCROOT}/Pods/Target Support Files/Pods-FoodE/Pods-FoodE-frameworks.sh\"\n";
			showEnvVarsInLog = 0;
		};
		BE739CB3F78691A0396EB23A /* [CP] Copy Pods Resources */ = {
			isa = PBXShellScriptBuildPhase;
			buildActionMask = 2147483647;
			files = (
			);
			inputPaths = (
			);
			name = "[CP] Copy Pods Resources";
			outputPaths = (
			);
			runOnlyForDeploymentPostprocessing = 0;
			shellPath = /bin/sh;
			shellScript = "\"${SRCROOT}/Pods/Target Support Files/Pods-FoodE/Pods-FoodE-resources.sh\"\n";
			showEnvVarsInLog = 0;
		};
/* End PBXShellScriptBuildPhase section */

/* Begin PBXSourcesBuildPhase section */
		A498915D1E7E6048003270C3 /* Sources */ = {
			isa = PBXSourcesBuildPhase;
			buildActionMask = 2147483647;
			files = (
				A43792901F308A7E00324729 /* UserRegion.swift in Sources */,
				A43792911F308A7E00324729 /* UserRegion+CoreDataProperties.swift in Sources */,
				A4365D9D1ECA8D0F0045ECFF /* Assets.xcassets in Sources */,
				A4C025131E8DD89D009AF88C /* Model.xcdatamodeld in Sources */,
				A40F5F891E9CB39E005621B9 /* Photos+CoreDataProperties.swift in Sources */,
				A4C0250D1E8DD742009AF88C /* LocationFood.swift in Sources */,
				A4EFFF801E9B051B00DE94E3 /* FlickrConstant.swift in Sources */,
				A413B3201EB61C800071A7BF /* UserPhotos.swift in Sources */,
				A41DC2031E8DC06500A9523C /* CollectionViewCell.swift in Sources */,
				A4B3494D1E8C693B0003F1CE /* CoreDataStack.swift in Sources */,
				A41058171EB25C79006575E6 /* MyPhotoCollectionViewController.swift in Sources */,
				A4C025111E8DD78E009AF88C /* LocationFood+CoreDataProperties.swift in Sources */,
				A40F5F881E9CB39E005621B9 /* Photos.swift in Sources */,
				A43F48211F3AF9A800010484 /* MyPhoto.swift in Sources */,
				A4DAC2A81EBA3CA900AD7DED /* MyPhotoCollectionViewCell.swift in Sources */,
				A49891671E7E6048003270C3 /* MapViewController.swift in Sources */,
				A413B3211EB61C800071A7BF /* UserPhotos+CoreDataProperties.swift in Sources */,
				A49891651E7E6048003270C3 /* AppDelegate.swift in Sources */,
				A4524D611E89DA650020F592 /* LocationImagesViewController.swift in Sources */,
				A41E19651E9A15B000C23119 /* FlickrClient.swift in Sources */,
				A40F5D061F348B64001D117B /* InternetConnectivity.swift in Sources */,
				A41058191EB25DA7006575E6 /* PhotoViewController.swift in Sources */,
				A4EFFF821E9B266300DE94E3 /* FlickrSearch.swift in Sources */,
			);
			runOnlyForDeploymentPostprocessing = 0;
		};
		A49891711E7E6048003270C3 /* Sources */ = {
			isa = PBXSourcesBuildPhase;
			buildActionMask = 2147483647;
			files = (
				A498917A1E7E6048003270C3 /* FoodETests.swift in Sources */,
			);
			runOnlyForDeploymentPostprocessing = 0;
		};
/* End PBXSourcesBuildPhase section */

/* Begin PBXTargetDependency section */
		A49891771E7E6048003270C3 /* PBXTargetDependency */ = {
			isa = PBXTargetDependency;
			target = A49891601E7E6048003270C3 /* FoodE */;
			targetProxy = A49891761E7E6048003270C3 /* PBXContainerItemProxy */;
		};
/* End PBXTargetDependency section */

/* Begin PBXVariantGroup section */
		A4365D9E1ECA8D370045ECFF /* Main.storyboard */ = {
			isa = PBXVariantGroup;
			children = (
				A4365D9F1ECA8D370045ECFF /* Base */,
			);
			name = Main.storyboard;
			sourceTree = "<group>";
		};
		A498916D1E7E6048003270C3 /* LaunchScreen.storyboard */ = {
			isa = PBXVariantGroup;
			children = (
				A498916E1E7E6048003270C3 /* Base */,
			);
			name = LaunchScreen.storyboard;
			sourceTree = "<group>";
		};
/* End PBXVariantGroup section */

/* Begin XCBuildConfiguration section */
		A498917C1E7E6048003270C3 /* Debug */ = {
			isa = XCBuildConfiguration;
			buildSettings = {
				ALWAYS_SEARCH_USER_PATHS = NO;
				CLANG_ANALYZER_NONNULL = YES;
				CLANG_CXX_LANGUAGE_STANDARD = "gnu++0x";
				CLANG_CXX_LIBRARY = "libc++";
				CLANG_ENABLE_MODULES = YES;
				CLANG_ENABLE_OBJC_ARC = YES;
				CLANG_WARN_BOOL_CONVERSION = YES;
				CLANG_WARN_CONSTANT_CONVERSION = YES;
				CLANG_WARN_DIRECT_OBJC_ISA_USAGE = YES_ERROR;
				CLANG_WARN_DOCUMENTATION_COMMENTS = YES;
				CLANG_WARN_EMPTY_BODY = YES;
				CLANG_WARN_ENUM_CONVERSION = YES;
				CLANG_WARN_INFINITE_RECURSION = YES;
				CLANG_WARN_INT_CONVERSION = YES;
				CLANG_WARN_OBJC_ROOT_CLASS = YES_ERROR;
				CLANG_WARN_SUSPICIOUS_MOVE = YES;
				CLANG_WARN_UNREACHABLE_CODE = YES;
				CLANG_WARN__DUPLICATE_METHOD_MATCH = YES;
				"CODE_SIGN_IDENTITY[sdk=iphoneos*]" = "iPhone Developer";
				COPY_PHASE_STRIP = NO;
				DEBUG_INFORMATION_FORMAT = dwarf;
				ENABLE_STRICT_OBJC_MSGSEND = YES;
				ENABLE_TESTABILITY = YES;
				GCC_C_LANGUAGE_STANDARD = gnu99;
				GCC_DYNAMIC_NO_PIC = NO;
				GCC_NO_COMMON_BLOCKS = YES;
				GCC_OPTIMIZATION_LEVEL = 0;
				GCC_PREPROCESSOR_DEFINITIONS = (
					"DEBUG=1",
					"$(inherited)",
				);
				GCC_WARN_64_TO_32_BIT_CONVERSION = YES;
				GCC_WARN_ABOUT_RETURN_TYPE = YES_ERROR;
				GCC_WARN_UNDECLARED_SELECTOR = YES;
				GCC_WARN_UNINITIALIZED_AUTOS = YES_AGGRESSIVE;
				GCC_WARN_UNUSED_FUNCTION = YES;
				GCC_WARN_UNUSED_VARIABLE = YES;
				IPHONEOS_DEPLOYMENT_TARGET = 10.2;
				MTL_ENABLE_DEBUG_INFO = YES;
				ONLY_ACTIVE_ARCH = YES;
				SDKROOT = iphoneos;
				SWIFT_ACTIVE_COMPILATION_CONDITIONS = DEBUG;
				SWIFT_OPTIMIZATION_LEVEL = "-Onone";
				TARGETED_DEVICE_FAMILY = "1,2";
			};
			name = Debug;
		};
		A498917D1E7E6048003270C3 /* Release */ = {
			isa = XCBuildConfiguration;
			buildSettings = {
				ALWAYS_SEARCH_USER_PATHS = NO;
				CLANG_ANALYZER_NONNULL = YES;
				CLANG_CXX_LANGUAGE_STANDARD = "gnu++0x";
				CLANG_CXX_LIBRARY = "libc++";
				CLANG_ENABLE_MODULES = YES;
				CLANG_ENABLE_OBJC_ARC = YES;
				CLANG_WARN_BOOL_CONVERSION = YES;
				CLANG_WARN_CONSTANT_CONVERSION = YES;
				CLANG_WARN_DIRECT_OBJC_ISA_USAGE = YES_ERROR;
				CLANG_WARN_DOCUMENTATION_COMMENTS = YES;
				CLANG_WARN_EMPTY_BODY = YES;
				CLANG_WARN_ENUM_CONVERSION = YES;
				CLANG_WARN_INFINITE_RECURSION = YES;
				CLANG_WARN_INT_CONVERSION = YES;
				CLANG_WARN_OBJC_ROOT_CLASS = YES_ERROR;
				CLANG_WARN_SUSPICIOUS_MOVE = YES;
				CLANG_WARN_UNREACHABLE_CODE = YES;
				CLANG_WARN__DUPLICATE_METHOD_MATCH = YES;
				"CODE_SIGN_IDENTITY[sdk=iphoneos*]" = "iPhone Developer";
				COPY_PHASE_STRIP = NO;
				DEBUG_INFORMATION_FORMAT = "dwarf-with-dsym";
				ENABLE_NS_ASSERTIONS = NO;
				ENABLE_STRICT_OBJC_MSGSEND = YES;
				GCC_C_LANGUAGE_STANDARD = gnu99;
				GCC_NO_COMMON_BLOCKS = YES;
				GCC_WARN_64_TO_32_BIT_CONVERSION = YES;
				GCC_WARN_ABOUT_RETURN_TYPE = YES_ERROR;
				GCC_WARN_UNDECLARED_SELECTOR = YES;
				GCC_WARN_UNINITIALIZED_AUTOS = YES_AGGRESSIVE;
				GCC_WARN_UNUSED_FUNCTION = YES;
				GCC_WARN_UNUSED_VARIABLE = YES;
				IPHONEOS_DEPLOYMENT_TARGET = 10.2;
				MTL_ENABLE_DEBUG_INFO = NO;
				SDKROOT = iphoneos;
				SWIFT_OPTIMIZATION_LEVEL = "-Owholemodule";
				TARGETED_DEVICE_FAMILY = "1,2";
				VALIDATE_PRODUCT = YES;
			};
			name = Release;
		};
		A498917F1E7E6048003270C3 /* Debug */ = {
			isa = XCBuildConfiguration;
			baseConfigurationReference = 625B472AEF3F11B54C0AE30D /* Pods-FoodE.debug.xcconfig */;
			buildSettings = {
				ASSETCATALOG_COMPILER_APPICON_NAME = AppIcon;
				DEVELOPMENT_TEAM = 6CHMHRZB23;
				ENABLE_BITCODE = YES;
				INFOPLIST_FILE = FoodE/Info.plist;
				LD_RUNPATH_SEARCH_PATHS = "$(inherited) @executable_path/Frameworks";
				PRODUCT_BUNDLE_IDENTIFIER = simplyrola.com.FoodE;
				PRODUCT_NAME = "$(TARGET_NAME)";
				SWIFT_VERSION = 3.0;
			};
			name = Debug;
		};
		A49891801E7E6048003270C3 /* Release */ = {
			isa = XCBuildConfiguration;
			baseConfigurationReference = 57F5E48405BBB0C2ACE0CEBC /* Pods-FoodE.release.xcconfig */;
			buildSettings = {
				ASSETCATALOG_COMPILER_APPICON_NAME = AppIcon;
				DEVELOPMENT_TEAM = 6CHMHRZB23;
				ENABLE_BITCODE = YES;
				INFOPLIST_FILE = FoodE/Info.plist;
				LD_RUNPATH_SEARCH_PATHS = "$(inherited) @executable_path/Frameworks";
				PRODUCT_BUNDLE_IDENTIFIER = simplyrola.com.FoodE;
				PRODUCT_NAME = "$(TARGET_NAME)";
				SWIFT_VERSION = 3.0;
			};
			name = Release;
		};
		A49891821E7E6048003270C3 /* Debug */ = {
			isa = XCBuildConfiguration;
			buildSettings = {
				ALWAYS_EMBED_SWIFT_STANDARD_LIBRARIES = YES;
				BUNDLE_LOADER = "$(TEST_HOST)";
				INFOPLIST_FILE = FoodETests/Info.plist;
				LD_RUNPATH_SEARCH_PATHS = "$(inherited) @executable_path/Frameworks @loader_path/Frameworks";
				PRODUCT_BUNDLE_IDENTIFIER = simplyrola.com.FoodETests;
				PRODUCT_NAME = "$(TARGET_NAME)";
				SWIFT_VERSION = 3.0;
				TEST_HOST = "$(BUILT_PRODUCTS_DIR)/FoodE.app/FoodE";
			};
			name = Debug;
		};
		A49891831E7E6048003270C3 /* Release */ = {
			isa = XCBuildConfiguration;
			buildSettings = {
				ALWAYS_EMBED_SWIFT_STANDARD_LIBRARIES = YES;
				BUNDLE_LOADER = "$(TEST_HOST)";
				INFOPLIST_FILE = FoodETests/Info.plist;
				LD_RUNPATH_SEARCH_PATHS = "$(inherited) @executable_path/Frameworks @loader_path/Frameworks";
				PRODUCT_BUNDLE_IDENTIFIER = simplyrola.com.FoodETests;
				PRODUCT_NAME = "$(TARGET_NAME)";
				SWIFT_VERSION = 3.0;
				TEST_HOST = "$(BUILT_PRODUCTS_DIR)/FoodE.app/FoodE";
			};
			name = Release;
		};
/* End XCBuildConfiguration section */

/* Begin XCConfigurationList section */
		A498915C1E7E6048003270C3 /* Build configuration list for PBXProject "FoodE" */ = {
			isa = XCConfigurationList;
			buildConfigurations = (
				A498917C1E7E6048003270C3 /* Debug */,
				A498917D1E7E6048003270C3 /* Release */,
			);
			defaultConfigurationIsVisible = 0;
			defaultConfigurationName = Release;
		};
		A498917E1E7E6048003270C3 /* Build configuration list for PBXNativeTarget "FoodE" */ = {
			isa = XCConfigurationList;
			buildConfigurations = (
				A498917F1E7E6048003270C3 /* Debug */,
				A49891801E7E6048003270C3 /* Release */,
			);
			defaultConfigurationIsVisible = 0;
			defaultConfigurationName = Release;
		};
		A49891811E7E6048003270C3 /* Build configuration list for PBXNativeTarget "FoodETests" */ = {
			isa = XCConfigurationList;
			buildConfigurations = (
				A49891821E7E6048003270C3 /* Debug */,
				A49891831E7E6048003270C3 /* Release */,
			);
			defaultConfigurationIsVisible = 0;
			defaultConfigurationName = Release;
		};
/* End XCConfigurationList section */

/* Begin XCVersionGroup section */
		A4C025061E8DD164009AF88C /* Model.xcdatamodeld */ = {
			isa = XCVersionGroup;
			children = (
				A4C025071E8DD164009AF88C /* Model.xcdatamodel */,
			);
			currentVersion = A4C025071E8DD164009AF88C /* Model.xcdatamodel */;
			path = Model.xcdatamodeld;
			sourceTree = "<group>";
			versionGroupType = wrapper.xcdatamodel;
		};
/* End XCVersionGroup section */
	};
	rootObject = A49891591E7E6048003270C3 /* Project object */;
}
